
Microsoft Visual Studio Solution File, Format Version 12.00
# Visual Studio Version 17
VisualStudioVersion = 17.6.33801.468
MinimumVisualStudioVersion = 10.0.40219.1
Project("{FAE04EC0-301F-11D3-BF4B-00C04F79EFBC}") = "API", "Inforce\API.csproj", "{92A115A4-7410-4673-B3A6-46121072FA53}"
	ProjectSection(ProjectDependencies) = postProject
		{5E044FE8-2662-44F7-83E9-2943CC3D09AA} = {5E044FE8-2662-44F7-83E9-2943CC3D09AA}
	EndProjectSection
EndProject
Project("{FAE04EC0-301F-11D3-BF4B-00C04F79EFBC}") = "Domain", "Domain\Domain.csproj", "{ECF47889-0D3C-41F2-A7E6-12C0A80EB3ED}"
EndProject
Project("{FAE04EC0-301F-11D3-BF4B-00C04F79EFBC}") = "Application", "Application\Application.csproj", "{5E044FE8-2662-44F7-83E9-2943CC3D09AA}"
	ProjectSection(ProjectDependencies) = postProject
		{4272089F-04FB-407B-98FE-4D88A210B2C1} = {4272089F-04FB-407B-98FE-4D88A210B2C1}
		{ECF47889-0D3C-41F2-A7E6-12C0A80EB3ED} = {ECF47889-0D3C-41F2-A7E6-12C0A80EB3ED}
	EndProjectSection
EndProject
Project("{FAE04EC0-301F-11D3-BF4B-00C04F79EFBC}") = "Persistence", "Persistence\Persistence.csproj", "{4272089F-04FB-407B-98FE-4D88A210B2C1}"
	ProjectSection(ProjectDependencies) = postProject
		{ECF47889-0D3C-41F2-A7E6-12C0A80EB3ED} = {ECF47889-0D3C-41F2-A7E6-12C0A80EB3ED}
	EndProjectSection
EndProject
Global
	GlobalSection(SolutionConfigurationPlatforms) = preSolution
		Debug|Any CPU = Debug|Any CPU
		Release|Any CPU = Release|Any CPU
	EndGlobalSection
	GlobalSection(ProjectConfigurationPlatforms) = postSolution
		{92A115A4-7410-4673-B3A6-46121072FA53}.Debug|Any CPU.ActiveCfg = Debug|Any CPU
		{92A115A4-7410-4673-B3A6-46121072FA53}.Debug|Any CPU.Build.0 = Debug|Any CPU
		{92A115A4-7410-4673-B3A6-46121072FA53}.Release|Any CPU.ActiveCfg = Release|Any CPU
		{92A115A4-7410-4673-B3A6-46121072FA53}.Release|Any CPU.Build.0 = Release|Any CPU
		{ECF47889-0D3C-41F2-A7E6-12C0A80EB3ED}.Debug|Any CPU.ActiveCfg = Debug|Any CPU
		{ECF47889-0D3C-41F2-A7E6-12C0A80EB3ED}.Debug|Any CPU.Build.0 = Debug|Any CPU
		{ECF47889-0D3C-41F2-A7E6-12C0A80EB3ED}.Release|Any CPU.ActiveCfg = Release|Any CPU
		{ECF47889-0D3C-41F2-A7E6-12C0A80EB3ED}.Release|Any CPU.Build.0 = Release|Any CPU
		{5E044FE8-2662-44F7-83E9-2943CC3D09AA}.Debug|Any CPU.ActiveCfg = Debug|Any CPU
		{5E044FE8-2662-44F7-83E9-2943CC3D09AA}.Debug|Any CPU.Build.0 = Debug|Any CPU
		{5E044FE8-2662-44F7-83E9-2943CC3D09AA}.Release|Any CPU.ActiveCfg = Release|Any CPU
		{5E044FE8-2662-44F7-83E9-2943CC3D09AA}.Release|Any CPU.Build.0 = Release|Any CPU
		{4272089F-04FB-407B-98FE-4D88A210B2C1}.Debug|Any CPU.ActiveCfg = Debug|Any CPU
		{4272089F-04FB-407B-98FE-4D88A210B2C1}.Debug|Any CPU.Build.0 = Debug|Any CPU
		{4272089F-04FB-407B-98FE-4D88A210B2C1}.Release|Any CPU.ActiveCfg = Release|Any CPU
		{4272089F-04FB-407B-98FE-4D88A210B2C1}.Release|Any CPU.Build.0 = Release|Any CPU
	EndGlobalSection
	GlobalSection(SolutionProperties) = preSolution
		HideSolutionNode = FALSE
	EndGlobalSection
	GlobalSection(ExtensibilityGlobals) = postSolution
		SolutionGuid = {6A336EB1-9C12-4EED-8D74-E903A3CB9B45}
	EndGlobalSection
EndGlobal
